
Microsoft Visual Studio Solution File, Format Version 12.00
# Visual Studio 2013
VisualStudioVersion = 12.0.31101.0
MinimumVisualStudioVersion = 10.0.40219.1
Project("{FAE04EC0-301F-11D3-BF4B-00C04F79EFBC}") = "PowerPositionTool", "src\PowerPositionTool\PowerPositionTool.csproj", "{B29CA8A0-7607-4F58-8DA7-F14766934638}"
EndProject
Project("{FAE04EC0-301F-11D3-BF4B-00C04F79EFBC}") = "PowerPosition", "src\PowerPosition\PowerPosition.csproj", "{F4AEF7D6-201A-4636-862E-AF59AE22133F}"
EndProject
Project("{2150E333-8FDC-42A3-9474-1A3956D46DE8}") = ".nuget", ".nuget", "{392D2068-3A0D-4529-9B74-D765E5FA27C1}"
	ProjectSection(SolutionItems) = preProject
		.nuget\NuGet.Config = .nuget\NuGet.Config
		.nuget\NuGet.exe = .nuget\NuGet.exe
		.nuget\NuGet.targets = .nuget\NuGet.targets
	EndProjectSection
EndProject
Project("{2150E333-8FDC-42A3-9474-1A3956D46DE8}") = "tests", "tests", "{2B1ABF25-ED36-48A3-BC35-C9BD53486F53}"
EndProject
Project("{FAE04EC0-301F-11D3-BF4B-00C04F79EFBC}") = "PowerPosition.Tests", "tests\PowerPosition.Tests\PowerPosition.Tests.csproj", "{8052596A-BFC9-416A-B1A3-B89A489CB633}"
EndProject
Project("{2150E333-8FDC-42A3-9474-1A3956D46DE8}") = "project", "project", "{762793BA-7D94-4172-BF52-33CA61186B53}"
	ProjectSection(SolutionItems) = preProject
		appveyor.yml = appveyor.yml
		LICENSE = LICENSE
		readme.md = readme.md
	EndProjectSection
EndProject
Global
	GlobalSection(SolutionConfigurationPlatforms) = preSolution
		Debug|Any CPU = Debug|Any CPU
		Release|Any CPU = Release|Any CPU
	EndGlobalSection
	GlobalSection(ProjectConfigurationPlatforms) = postSolution
		{B29CA8A0-7607-4F58-8DA7-F14766934638}.Debug|Any CPU.ActiveCfg = Debug|Any CPU
		{B29CA8A0-7607-4F58-8DA7-F14766934638}.Debug|Any CPU.Build.0 = Debug|Any CPU
		{B29CA8A0-7607-4F58-8DA7-F14766934638}.Release|Any CPU.ActiveCfg = Release|Any CPU
		{B29CA8A0-7607-4F58-8DA7-F14766934638}.Release|Any CPU.Build.0 = Release|Any CPU
		{F4AEF7D6-201A-4636-862E-AF59AE22133F}.Debug|Any CPU.ActiveCfg = Debug|Any CPU
		{F4AEF7D6-201A-4636-862E-AF59AE22133F}.Debug|Any CPU.Build.0 = Debug|Any CPU
		{F4AEF7D6-201A-4636-862E-AF59AE22133F}.Release|Any CPU.ActiveCfg = Release|Any CPU
		{F4AEF7D6-201A-4636-862E-AF59AE22133F}.Release|Any CPU.Build.0 = Release|Any CPU
		{8052596A-BFC9-416A-B1A3-B89A489CB633}.Debug|Any CPU.ActiveCfg = Debug|Any CPU
		{8052596A-BFC9-416A-B1A3-B89A489CB633}.Debug|Any CPU.Build.0 = Debug|Any CPU
		{8052596A-BFC9-416A-B1A3-B89A489CB633}.Release|Any CPU.ActiveCfg = Release|Any CPU
		{8052596A-BFC9-416A-B1A3-B89A489CB633}.Release|Any CPU.Build.0 = Release|Any CPU
	EndGlobalSection
	GlobalSection(SolutionProperties) = preSolution
		HideSolutionNode = FALSE
	EndGlobalSection
	GlobalSection(NestedProjects) = preSolution
		{8052596A-BFC9-416A-B1A3-B89A489CB633} = {2B1ABF25-ED36-48A3-BC35-C9BD53486F53}
	EndGlobalSection
EndGlobal
